
Microsoft Visual Studio Solution File, Format Version 12.00
# Visual Studio Version 17
VisualStudioVersion = 17.3.32922.545
MinimumVisualStudioVersion = 10.0.40219.1
Project("{FAE04EC0-301F-11D3-BF4B-00C04F79EFBC}") = "PatchTesting", "PatchTesting\PatchTesting.csproj", "{C2D181AA-1BE9-4C5F-A0C0-13CB5FF79F40}"
EndProject
Global
	GlobalSection(SolutionConfigurationPlatforms) = preSolution
		Debug|Any CPU = Debug|Any CPU
		Release|Any CPU = Release|Any CPU
	EndGlobalSection
	GlobalSection(ProjectConfigurationPlatforms) = postSolution
		{C2D181AA-1BE9-4C5F-A0C0-13CB5FF79F40}.Debug|Any CPU.ActiveCfg = Debug|Any CPU
		{C2D181AA-1BE9-4C5F-A0C0-13CB5FF79F40}.Debug|Any CPU.Build.0 = Debug|Any CPU
		{C2D181AA-1BE9-4C5F-A0C0-13CB5FF79F40}.Release|Any CPU.ActiveCfg = Release|Any CPU
		{C2D181AA-1BE9-4C5F-A0C0-13CB5FF79F40}.Release|Any CPU.Build.0 = Release|Any CPU
	EndGlobalSection
	GlobalSection(SolutionProperties) = preSolution
		HideSolutionNode = FALSE
	EndGlobalSection
	GlobalSection(ExtensibilityGlobals) = postSolution
		SolutionGuid = {F52A601D-2BB9-480F-866B-08F8AE9C120E}
	EndGlobalSection
EndGlobal
